
Microsoft Visual Studio Solution File, Format Version 12.00
# Visual Studio Version 17
VisualStudioVersion = 17.9.34728.123
MinimumVisualStudioVersion = 10.0.40219.1
Project("{9A19103F-16F7-4668-BE54-9A1E7A4F7556}") = "E7BeautyShop.AgendaService.Domain", "E7BeautyShop.AgendaService.Domain\E7BeautyShop.AgendaService.Domain.csproj", "{D239C216-263D-4518-8323-0FF540CDEC2E}"
EndProject
Project("{9A19103F-16F7-4668-BE54-9A1E7A4F7556}") = "E7BeautyShop.AgendaService.Domain.Tests", "E7BeautyShop.AgendaService.Domain.Tests\E7BeautyShop.AgendaService.Domain.Tests.csproj", "{70DA1F4D-6A07-4354-A270-8DBD9F63438D}"
EndProject
Project("{FAE04EC0-301F-11D3-BF4B-00C04F79EFBC}") = "E7BeautyShop.AgendaService.Application", "E7BeautyShop.AgendaService.Application\E7BeautyShop.AgendaService.Application.csproj", "{7FE2A0BB-A28A-449C-90AB-1CA9EF4DF029}"
EndProject
Project("{FAE04EC0-301F-11D3-BF4B-00C04F79EFBC}") = "E7BeautyShop.AgendaService.Infra", "E7BeautyShop.AgendaService.Infra\E7BeautyShop.AgendaService.Infra.csproj", "{8685ACF5-A01C-4E39-AF5E-299155B1717E}"
EndProject
Project("{FAE04EC0-301F-11D3-BF4B-00C04F79EFBC}") = "E7BeautyShop.AgendaService.Infra.IoC", "E7BeautyShop.AgendaService.Infra.IoC\E7BeautyShop.AgendaService.Infra.IoC.csproj", "{E6BDEEBD-2E7F-48EB-A88D-50AA3EAEC048}"
EndProject
Project("{FAE04EC0-301F-11D3-BF4B-00C04F79EFBC}") = "E7BeautyShop.AgendaService.Api", "E7BeautyShop.AgendaService.Api\E7BeautyShop.AgendaService.Api.csproj", "{71E9C8B1-9D4A-4AD1-843D-766C2E04F28F}"
EndProject
Global
	GlobalSection(SolutionConfigurationPlatforms) = preSolution
		Debug|Any CPU = Debug|Any CPU
		Release|Any CPU = Release|Any CPU
	EndGlobalSection
	GlobalSection(ProjectConfigurationPlatforms) = postSolution
		{D239C216-263D-4518-8323-0FF540CDEC2E}.Debug|Any CPU.ActiveCfg = Debug|Any CPU
		{D239C216-263D-4518-8323-0FF540CDEC2E}.Debug|Any CPU.Build.0 = Debug|Any CPU
		{D239C216-263D-4518-8323-0FF540CDEC2E}.Release|Any CPU.ActiveCfg = Release|Any CPU
		{D239C216-263D-4518-8323-0FF540CDEC2E}.Release|Any CPU.Build.0 = Release|Any CPU
		{70DA1F4D-6A07-4354-A270-8DBD9F63438D}.Debug|Any CPU.ActiveCfg = Debug|Any CPU
		{70DA1F4D-6A07-4354-A270-8DBD9F63438D}.Debug|Any CPU.Build.0 = Debug|Any CPU
		{70DA1F4D-6A07-4354-A270-8DBD9F63438D}.Release|Any CPU.ActiveCfg = Release|Any CPU
		{70DA1F4D-6A07-4354-A270-8DBD9F63438D}.Release|Any CPU.Build.0 = Release|Any CPU
		{7FE2A0BB-A28A-449C-90AB-1CA9EF4DF029}.Debug|Any CPU.ActiveCfg = Debug|Any CPU
		{7FE2A0BB-A28A-449C-90AB-1CA9EF4DF029}.Debug|Any CPU.Build.0 = Debug|Any CPU
		{7FE2A0BB-A28A-449C-90AB-1CA9EF4DF029}.Release|Any CPU.ActiveCfg = Release|Any CPU
		{7FE2A0BB-A28A-449C-90AB-1CA9EF4DF029}.Release|Any CPU.Build.0 = Release|Any CPU
		{8685ACF5-A01C-4E39-AF5E-299155B1717E}.Debug|Any CPU.ActiveCfg = Debug|Any CPU
		{8685ACF5-A01C-4E39-AF5E-299155B1717E}.Debug|Any CPU.Build.0 = Debug|Any CPU
		{8685ACF5-A01C-4E39-AF5E-299155B1717E}.Release|Any CPU.ActiveCfg = Release|Any CPU
		{8685ACF5-A01C-4E39-AF5E-299155B1717E}.Release|Any CPU.Build.0 = Release|Any CPU
		{E6BDEEBD-2E7F-48EB-A88D-50AA3EAEC048}.Debug|Any CPU.ActiveCfg = Debug|Any CPU
		{E6BDEEBD-2E7F-48EB-A88D-50AA3EAEC048}.Debug|Any CPU.Build.0 = Debug|Any CPU
		{E6BDEEBD-2E7F-48EB-A88D-50AA3EAEC048}.Release|Any CPU.ActiveCfg = Release|Any CPU
		{E6BDEEBD-2E7F-48EB-A88D-50AA3EAEC048}.Release|Any CPU.Build.0 = Release|Any CPU
		{71E9C8B1-9D4A-4AD1-843D-766C2E04F28F}.Debug|Any CPU.ActiveCfg = Debug|Any CPU
		{71E9C8B1-9D4A-4AD1-843D-766C2E04F28F}.Debug|Any CPU.Build.0 = Debug|Any CPU
		{71E9C8B1-9D4A-4AD1-843D-766C2E04F28F}.Release|Any CPU.ActiveCfg = Release|Any CPU
		{71E9C8B1-9D4A-4AD1-843D-766C2E04F28F}.Release|Any CPU.Build.0 = Release|Any CPU
	EndGlobalSection
	GlobalSection(SolutionProperties) = preSolution
		HideSolutionNode = FALSE
	EndGlobalSection
	GlobalSection(ExtensibilityGlobals) = postSolution
		SolutionGuid = {BB304458-B170-4F24-A789-8304517B05E1}
	EndGlobalSection
EndGlobal
